
Microsoft Visual Studio Solution File, Format Version 12.00
# Visual Studio Version 17
VisualStudioVersion = 17.3.32922.545
MinimumVisualStudioVersion = 10.0.40219.1
Project("{9A19103F-16F7-4668-BE54-9A1E7A4F7556}") = "HomeWork4", "HomeWork4\HomeWork4.csproj", "{E49CA3C4-98F7-4CE2-92F1-2A5B7D949BD9}"
EndProject
Project("{9A19103F-16F7-4668-BE54-9A1E7A4F7556}") = "HomeWork6", "HomeWork6\HomeWork6.csproj", "{2239B3E0-A11D-4937-85FD-F0401356E5A6}"
EndProject
Project("{9A19103F-16F7-4668-BE54-9A1E7A4F7556}") = "HomeWork7", "HomeWork7\HomeWork7.csproj", "{B9C4E714-3001-4B75-B4E5-886CBBE0CC94}"
EndProject
Project("{9A19103F-16F7-4668-BE54-9A1E7A4F7556}") = "HomeWork8", "HomeHork8\HomeWork8.csproj", "{B4AE71F5-CCCB-4AC3-AF61-D9E2D29F364C}"
EndProject
Project("{2150E333-8FDC-42A3-9474-1A3956D46DE8}") = "Solution Items", "Solution Items", "{F1594D14-9C3A-46E5-A5C9-018E4DF6B3F9}"
	ProjectSection(SolutionItems) = preProject
		.editorconfig = .editorconfig
	EndProjectSection
EndProject
Project("{9A19103F-16F7-4668-BE54-9A1E7A4F7556}") = "HomeWork9", "HomeWork9\HomeWork9.csproj", "{0C8EDCDE-17E2-40E4-BE39-2AE2C9305643}"
EndProject
Project("{9A19103F-16F7-4668-BE54-9A1E7A4F7556}") = "HomeWork10", "HomeWork10\HomeWork10.csproj", "{A45DD493-C17B-4C5A-B0B6-AED04CF25DB5}"
EndProject
Project("{9A19103F-16F7-4668-BE54-9A1E7A4F7556}") = "HomeWork11", "HomeWork11\HomeWork11.csproj", "{0DB171F4-9EF8-4615-8352-A78DE2BA05F8}"
EndProject
Project("{9A19103F-16F7-4668-BE54-9A1E7A4F7556}") = "HomeWork12", "HomeWork12\HomeWork12.csproj", "{4F13091F-C620-41F8-82A4-0CFF666B50D5}"
EndProject
Project("{9A19103F-16F7-4668-BE54-9A1E7A4F7556}") = "HomeWork13", "HomeWork13\HomeWork13.csproj", "{D7A8ECA3-5EE6-4481-8587-BD31ACE31101}"
EndProject
Project("{9A19103F-16F7-4668-BE54-9A1E7A4F7556}") = "HomeWork14", "HomeWork14\HomeWork14.csproj", "{78284CC8-7407-456C-BEFC-C7B41DA73225}"
EndProject
Project("{2150E333-8FDC-42A3-9474-1A3956D46DE8}") = "NewFolder17", "NewFolder17", "{81795E84-F3C0-479F-B562-D57C5A6FDFC4}"
EndProject
Project("{9A19103F-16F7-4668-BE54-9A1E7A4F7556}") = "HomeWork17.Application", "HomeWork17\HomeWork17.Application\HomeWork17.Application.csproj", "{DFCBB2D2-235C-4F44-AEE5-BE0224EF6FCE}"
EndProject
Project("{9A19103F-16F7-4668-BE54-9A1E7A4F7556}") = "HomeWork17.Domain", "HomeWork17\HomeWork17.Domain\HomeWork17.Domain.csproj", "{FA30D081-26B0-4DEE-84AD-7F8FD69FA9B8}"
EndProject
Project("{9A19103F-16F7-4668-BE54-9A1E7A4F7556}") = "HomeWork17.Persistence", "HomeWork17\HomeWork17.Persistence\HomeWork17.Persistence.csproj", "{D877554E-BB67-4824-8B73-6D8CAE9AB5A7}"
EndProject
Project("{9A19103F-16F7-4668-BE54-9A1E7A4F7556}") = "HomeWork17.Api", "HomeWork17\HomeWork17.Api\HomeWork17.Api.csproj", "{5925A76C-4DA6-4C03-AF91-A145875682DE}"
EndProject
Global
	GlobalSection(SolutionConfigurationPlatforms) = preSolution
		Debug|Any CPU = Debug|Any CPU
		Release|Any CPU = Release|Any CPU
	EndGlobalSection
	GlobalSection(ProjectConfigurationPlatforms) = postSolution
		{E49CA3C4-98F7-4CE2-92F1-2A5B7D949BD9}.Debug|Any CPU.ActiveCfg = Debug|Any CPU
		{E49CA3C4-98F7-4CE2-92F1-2A5B7D949BD9}.Debug|Any CPU.Build.0 = Debug|Any CPU
		{E49CA3C4-98F7-4CE2-92F1-2A5B7D949BD9}.Release|Any CPU.ActiveCfg = Release|Any CPU
		{E49CA3C4-98F7-4CE2-92F1-2A5B7D949BD9}.Release|Any CPU.Build.0 = Release|Any CPU
		{2239B3E0-A11D-4937-85FD-F0401356E5A6}.Debug|Any CPU.ActiveCfg = Debug|Any CPU
		{2239B3E0-A11D-4937-85FD-F0401356E5A6}.Debug|Any CPU.Build.0 = Debug|Any CPU
		{2239B3E0-A11D-4937-85FD-F0401356E5A6}.Release|Any CPU.ActiveCfg = Release|Any CPU
		{2239B3E0-A11D-4937-85FD-F0401356E5A6}.Release|Any CPU.Build.0 = Release|Any CPU
		{B9C4E714-3001-4B75-B4E5-886CBBE0CC94}.Debug|Any CPU.ActiveCfg = Debug|Any CPU
		{B9C4E714-3001-4B75-B4E5-886CBBE0CC94}.Debug|Any CPU.Build.0 = Debug|Any CPU
		{B9C4E714-3001-4B75-B4E5-886CBBE0CC94}.Release|Any CPU.ActiveCfg = Release|Any CPU
		{B9C4E714-3001-4B75-B4E5-886CBBE0CC94}.Release|Any CPU.Build.0 = Release|Any CPU
		{B4AE71F5-CCCB-4AC3-AF61-D9E2D29F364C}.Debug|Any CPU.ActiveCfg = Debug|Any CPU
		{B4AE71F5-CCCB-4AC3-AF61-D9E2D29F364C}.Debug|Any CPU.Build.0 = Debug|Any CPU
		{B4AE71F5-CCCB-4AC3-AF61-D9E2D29F364C}.Release|Any CPU.ActiveCfg = Release|Any CPU
		{B4AE71F5-CCCB-4AC3-AF61-D9E2D29F364C}.Release|Any CPU.Build.0 = Release|Any CPU
		{0C8EDCDE-17E2-40E4-BE39-2AE2C9305643}.Debug|Any CPU.ActiveCfg = Debug|Any CPU
		{0C8EDCDE-17E2-40E4-BE39-2AE2C9305643}.Debug|Any CPU.Build.0 = Debug|Any CPU
		{0C8EDCDE-17E2-40E4-BE39-2AE2C9305643}.Release|Any CPU.ActiveCfg = Release|Any CPU
		{0C8EDCDE-17E2-40E4-BE39-2AE2C9305643}.Release|Any CPU.Build.0 = Release|Any CPU
		{A45DD493-C17B-4C5A-B0B6-AED04CF25DB5}.Debug|Any CPU.ActiveCfg = Debug|Any CPU
		{A45DD493-C17B-4C5A-B0B6-AED04CF25DB5}.Debug|Any CPU.Build.0 = Debug|Any CPU
		{A45DD493-C17B-4C5A-B0B6-AED04CF25DB5}.Release|Any CPU.ActiveCfg = Release|Any CPU
		{A45DD493-C17B-4C5A-B0B6-AED04CF25DB5}.Release|Any CPU.Build.0 = Release|Any CPU
		{0DB171F4-9EF8-4615-8352-A78DE2BA05F8}.Debug|Any CPU.ActiveCfg = Debug|Any CPU
		{0DB171F4-9EF8-4615-8352-A78DE2BA05F8}.Debug|Any CPU.Build.0 = Debug|Any CPU
		{0DB171F4-9EF8-4615-8352-A78DE2BA05F8}.Release|Any CPU.ActiveCfg = Release|Any CPU
		{0DB171F4-9EF8-4615-8352-A78DE2BA05F8}.Release|Any CPU.Build.0 = Release|Any CPU
		{4F13091F-C620-41F8-82A4-0CFF666B50D5}.Debug|Any CPU.ActiveCfg = Debug|Any CPU
		{4F13091F-C620-41F8-82A4-0CFF666B50D5}.Debug|Any CPU.Build.0 = Debug|Any CPU
		{4F13091F-C620-41F8-82A4-0CFF666B50D5}.Release|Any CPU.ActiveCfg = Release|Any CPU
		{4F13091F-C620-41F8-82A4-0CFF666B50D5}.Release|Any CPU.Build.0 = Release|Any CPU
		{D7A8ECA3-5EE6-4481-8587-BD31ACE31101}.Debug|Any CPU.ActiveCfg = Debug|Any CPU
		{D7A8ECA3-5EE6-4481-8587-BD31ACE31101}.Debug|Any CPU.Build.0 = Debug|Any CPU
		{D7A8ECA3-5EE6-4481-8587-BD31ACE31101}.Release|Any CPU.ActiveCfg = Release|Any CPU
		{D7A8ECA3-5EE6-4481-8587-BD31ACE31101}.Release|Any CPU.Build.0 = Release|Any CPU
		{78284CC8-7407-456C-BEFC-C7B41DA73225}.Debug|Any CPU.ActiveCfg = Debug|Any CPU
		{78284CC8-7407-456C-BEFC-C7B41DA73225}.Debug|Any CPU.Build.0 = Debug|Any CPU
		{78284CC8-7407-456C-BEFC-C7B41DA73225}.Release|Any CPU.ActiveCfg = Release|Any CPU
		{78284CC8-7407-456C-BEFC-C7B41DA73225}.Release|Any CPU.Build.0 = Release|Any CPU
		{DFCBB2D2-235C-4F44-AEE5-BE0224EF6FCE}.Debug|Any CPU.ActiveCfg = Debug|Any CPU
		{DFCBB2D2-235C-4F44-AEE5-BE0224EF6FCE}.Debug|Any CPU.Build.0 = Debug|Any CPU
		{DFCBB2D2-235C-4F44-AEE5-BE0224EF6FCE}.Release|Any CPU.ActiveCfg = Release|Any CPU
		{DFCBB2D2-235C-4F44-AEE5-BE0224EF6FCE}.Release|Any CPU.Build.0 = Release|Any CPU
		{FA30D081-26B0-4DEE-84AD-7F8FD69FA9B8}.Debug|Any CPU.ActiveCfg = Debug|Any CPU
		{FA30D081-26B0-4DEE-84AD-7F8FD69FA9B8}.Debug|Any CPU.Build.0 = Debug|Any CPU
		{FA30D081-26B0-4DEE-84AD-7F8FD69FA9B8}.Release|Any CPU.ActiveCfg = Release|Any CPU
		{FA30D081-26B0-4DEE-84AD-7F8FD69FA9B8}.Release|Any CPU.Build.0 = Release|Any CPU
		{D877554E-BB67-4824-8B73-6D8CAE9AB5A7}.Debug|Any CPU.ActiveCfg = Debug|Any CPU
		{D877554E-BB67-4824-8B73-6D8CAE9AB5A7}.Debug|Any CPU.Build.0 = Debug|Any CPU
		{D877554E-BB67-4824-8B73-6D8CAE9AB5A7}.Release|Any CPU.ActiveCfg = Release|Any CPU
		{D877554E-BB67-4824-8B73-6D8CAE9AB5A7}.Release|Any CPU.Build.0 = Release|Any CPU
		{5925A76C-4DA6-4C03-AF91-A145875682DE}.Debug|Any CPU.ActiveCfg = Debug|Any CPU
		{5925A76C-4DA6-4C03-AF91-A145875682DE}.Debug|Any CPU.Build.0 = Debug|Any CPU
		{5925A76C-4DA6-4C03-AF91-A145875682DE}.Release|Any CPU.ActiveCfg = Release|Any CPU
		{5925A76C-4DA6-4C03-AF91-A145875682DE}.Release|Any CPU.Build.0 = Release|Any CPU
	EndGlobalSection
	GlobalSection(SolutionProperties) = preSolution
		HideSolutionNode = FALSE
	EndGlobalSection
	GlobalSection(NestedProjects) = preSolution
		{78284CC8-7407-456C-BEFC-C7B41DA73225} = {F1594D14-9C3A-46E5-A5C9-018E4DF6B3F9}
		{DFCBB2D2-235C-4F44-AEE5-BE0224EF6FCE} = {81795E84-F3C0-479F-B562-D57C5A6FDFC4}
		{FA30D081-26B0-4DEE-84AD-7F8FD69FA9B8} = {81795E84-F3C0-479F-B562-D57C5A6FDFC4}
		{D877554E-BB67-4824-8B73-6D8CAE9AB5A7} = {81795E84-F3C0-479F-B562-D57C5A6FDFC4}
		{5925A76C-4DA6-4C03-AF91-A145875682DE} = {81795E84-F3C0-479F-B562-D57C5A6FDFC4}
	EndGlobalSection
	GlobalSection(ExtensibilityGlobals) = postSolution
		SolutionGuid = {01BCDBE1-44C7-4879-8DBA-E7FC6C297BB0}
	EndGlobalSection
EndGlobal
